PODS:
  - FDFullscreenPopGesture (1.1)
  - ZcqComponets (0.1.0):
    - FDFullscreenPopGesture (~> 1.1)

DEPENDENCIES:
  - ZcqComponets (from `../`)

SPEC REPOS:
  trunk:
    - FDFullscreenPopGesture

EXTERNAL SOURCES:
  ZcqComponets:
    :path: "../"

SPEC CHECKSUMS:
  FDFullscreenPopGesture: a8a620179e3d9c40e8e00256dcee1c1a27c6d0f0
  ZcqComponets: 57e7b2dbe4a757c924f79da6fda9b85efcf9ae80

PODFILE CHECKSUM: 57556667def25b67d3f1a15a90149b1f3c666698

COCOAPODS: 1.11.2
